
Microsoft Visual Studio Solution File, Format Version 12.00
# Visual Studio Version 16
VisualStudioVersion = 16.0.31105.61
MinimumVisualStudioVersion = 10.0.40219.1
Project("{9A19103F-16F7-4668-BE54-9A1E7A4F7556}") = "XFCognito", "XFCognito\XFCognito.csproj", "{6ECBB30D-561C-4D2E-AB64-A4E4442E7832}"
EndProject
Project("{FAE04EC0-301F-11D3-BF4B-00C04F79EFBC}") = "XFCognito.Android", "XFCognito.Android\XFCognito.Android.csproj", "{46AB5343-7EE9-4750-83F0-8A783437948F}"
EndProject
Project("{FAE04EC0-301F-11D3-BF4B-00C04F79EFBC}") = "XFCognito.iOS", "XFCognito.iOS\XFCognito.iOS.csproj", "{401795B6-F166-47E7-B274-DF1013B8CDDF}"
EndProject
Global
	GlobalSection(SolutionConfigurationPlatforms) = preSolution
		Ad-Hoc|Any CPU = Ad-Hoc|Any CPU
		Ad-Hoc|iPhone = Ad-Hoc|iPhone
		Ad-Hoc|iPhoneSimulator = Ad-Hoc|iPhoneSimulator
		AppStore|Any CPU = AppStore|Any CPU
		AppStore|iPhone = AppStore|iPhone
		AppStore|iPhoneSimulator = AppStore|iPhoneSimulator
		Debug|Any CPU = Debug|Any CPU
		Debug|iPhone = Debug|iPhone
		Debug|iPhoneSimulator = Debug|iPhoneSimulator
		Release|Any CPU = Release|Any CPU
		Release|iPhone = Release|iPhone
		Release|iPhoneSimulator = Release|iPhoneSimulator
	EndGlobalSection
	GlobalSection(ProjectConfigurationPlatforms) = postSolution
		{6ECBB30D-561C-4D2E-AB64-A4E4442E7832}.Ad-Hoc|Any CPU.ActiveCfg = Debug|Any CPU
		{6ECBB30D-561C-4D2E-AB64-A4E4442E7832}.Ad-Hoc|Any CPU.Build.0 = Debug|Any CPU
		{6ECBB30D-561C-4D2E-AB64-A4E4442E7832}.Ad-Hoc|iPhone.ActiveCfg = Debug|Any CPU
		{6ECBB30D-561C-4D2E-AB64-A4E4442E7832}.Ad-Hoc|iPhone.Build.0 = Debug|Any CPU
		{6ECBB30D-561C-4D2E-AB64-A4E4442E7832}.Ad-Hoc|iPhoneSimulator.ActiveCfg = Debug|Any CPU
		{6ECBB30D-561C-4D2E-AB64-A4E4442E7832}.Ad-Hoc|iPhoneSimulator.Build.0 = Debug|Any CPU
		{6ECBB30D-561C-4D2E-AB64-A4E4442E7832}.AppStore|Any CPU.ActiveCfg = Debug|Any CPU
		{6ECBB30D-561C-4D2E-AB64-A4E4442E7832}.AppStore|Any CPU.Build.0 = Debug|Any CPU
		{6ECBB30D-561C-4D2E-AB64-A4E4442E7832}.AppStore|iPhone.ActiveCfg = Debug|Any CPU
		{6ECBB30D-561C-4D2E-AB64-A4E4442E7832}.AppStore|iPhone.Build.0 = Debug|Any CPU
		{6ECBB30D-561C-4D2E-AB64-A4E4442E7832}.AppStore|iPhoneSimulator.ActiveCfg = Debug|Any CPU
		{6ECBB30D-561C-4D2E-AB64-A4E4442E7832}.AppStore|iPhoneSimulator.Build.0 = Debug|Any CPU
		{6ECBB30D-561C-4D2E-AB64-A4E4442E7832}.Debug|Any CPU.ActiveCfg = Debug|Any CPU
		{6ECBB30D-561C-4D2E-AB64-A4E4442E7832}.Debug|Any CPU.Build.0 = Debug|Any CPU
		{6ECBB30D-561C-4D2E-AB64-A4E4442E7832}.Debug|iPhone.ActiveCfg = Debug|Any CPU
		{6ECBB30D-561C-4D2E-AB64-A4E4442E7832}.Debug|iPhone.Build.0 = Debug|Any CPU
		{6ECBB30D-561C-4D2E-AB64-A4E4442E7832}.Debug|iPhoneSimulator.ActiveCfg = Debug|Any CPU
		{6ECBB30D-561C-4D2E-AB64-A4E4442E7832}.Debug|iPhoneSimulator.Build.0 = Debug|Any CPU
		{6ECBB30D-561C-4D2E-AB64-A4E4442E7832}.Release|Any CPU.ActiveCfg = Release|Any CPU
		{6ECBB30D-561C-4D2E-AB64-A4E4442E7832}.Release|Any CPU.Build.0 = Release|Any CPU
		{6ECBB30D-561C-4D2E-AB64-A4E4442E7832}.Release|iPhone.ActiveCfg = Release|Any CPU
		{6ECBB30D-561C-4D2E-AB64-A4E4442E7832}.Release|iPhone.Build.0 = Release|Any CPU
		{6ECBB30D-561C-4D2E-AB64-A4E4442E7832}.Release|iPhoneSimulator.ActiveCfg = Release|Any CPU
		{6ECBB30D-561C-4D2E-AB64-A4E4442E7832}.Release|iPhoneSimulator.Build.0 = Release|Any CPU
		{46AB5343-7EE9-4750-83F0-8A783437948F}.Ad-Hoc|Any CPU.ActiveCfg = Debug|Any CPU
		{46AB5343-7EE9-4750-83F0-8A783437948F}.Ad-Hoc|Any CPU.Build.0 = Debug|Any CPU
		{46AB5343-7EE9-4750-83F0-8A783437948F}.Ad-Hoc|Any CPU.Deploy.0 = Debug|Any CPU
		{46AB5343-7EE9-4750-83F0-8A783437948F}.Ad-Hoc|iPhone.ActiveCfg = Debug|Any CPU
		{46AB5343-7EE9-4750-83F0-8A783437948F}.Ad-Hoc|iPhone.Build.0 = Debug|Any CPU
		{46AB5343-7EE9-4750-83F0-8A783437948F}.Ad-Hoc|iPhone.Deploy.0 = Debug|Any CPU
		{46AB5343-7EE9-4750-83F0-8A783437948F}.Ad-Hoc|iPhoneSimulator.ActiveCfg = Debug|Any CPU
		{46AB5343-7EE9-4750-83F0-8A783437948F}.Ad-Hoc|iPhoneSimulator.Build.0 = Debug|Any CPU
		{46AB5343-7EE9-4750-83F0-8A783437948F}.Ad-Hoc|iPhoneSimulator.Deploy.0 = Debug|Any CPU
		{46AB5343-7EE9-4750-83F0-8A783437948F}.AppStore|Any CPU.ActiveCfg = Debug|Any CPU
		{46AB5343-7EE9-4750-83F0-8A783437948F}.AppStore|Any CPU.Build.0 = Debug|Any CPU
		{46AB5343-7EE9-4750-83F0-8A783437948F}.AppStore|Any CPU.Deploy.0 = Debug|Any CPU
		{46AB5343-7EE9-4750-83F0-8A783437948F}.AppStore|iPhone.ActiveCfg = Debug|Any CPU
		{46AB5343-7EE9-4750-83F0-8A783437948F}.AppStore|iPhone.Build.0 = Debug|Any CPU
		{46AB5343-7EE9-4750-83F0-8A783437948F}.AppStore|iPhone.Deploy.0 = Debug|Any CPU
		{46AB5343-7EE9-4750-83F0-8A783437948F}.AppStore|iPhoneSimulator.ActiveCfg = Debug|Any CPU
		{46AB5343-7EE9-4750-83F0-8A783437948F}.AppStore|iPhoneSimulator.Build.0 = Debug|Any CPU
		{46AB5343-7EE9-4750-83F0-8A783437948F}.AppStore|iPhoneSimulator.Deploy.0 = Debug|Any CPU
		{46AB5343-7EE9-4750-83F0-8A783437948F}.Debug|Any CPU.ActiveCfg = Debug|Any CPU
		{46AB5343-7EE9-4750-83F0-8A783437948F}.Debug|Any CPU.Build.0 = Debug|Any CPU
		{46AB5343-7EE9-4750-83F0-8A783437948F}.Debug|Any CPU.Deploy.0 = Debug|Any CPU
		{46AB5343-7EE9-4750-83F0-8A783437948F}.Debug|iPhone.ActiveCfg = Debug|Any CPU
		{46AB5343-7EE9-4750-83F0-8A783437948F}.Debug|iPhone.Build.0 = Debug|Any CPU
		{46AB5343-7EE9-4750-83F0-8A783437948F}.Debug|iPhone.Deploy.0 = Debug|Any CPU
		{46AB5343-7EE9-4750-83F0-8A783437948F}.Debug|iPhoneSimulator.ActiveCfg = Debug|Any CPU
		{46AB5343-7EE9-4750-83F0-8A783437948F}.Debug|iPhoneSimulator.Build.0 = Debug|Any CPU
		{46AB5343-7EE9-4750-83F0-8A783437948F}.Debug|iPhoneSimulator.Deploy.0 = Debug|Any CPU
		{46AB5343-7EE9-4750-83F0-8A783437948F}.Release|Any CPU.ActiveCfg = Release|Any CPU
		{46AB5343-7EE9-4750-83F0-8A783437948F}.Release|Any CPU.Build.0 = Release|Any CPU
		{46AB5343-7EE9-4750-83F0-8A783437948F}.Release|Any CPU.Deploy.0 = Release|Any CPU
		{46AB5343-7EE9-4750-83F0-8A783437948F}.Release|iPhone.ActiveCfg = Release|Any CPU
		{46AB5343-7EE9-4750-83F0-8A783437948F}.Release|iPhone.Build.0 = Release|Any CPU
		{46AB5343-7EE9-4750-83F0-8A783437948F}.Release|iPhone.Deploy.0 = Release|Any CPU
		{46AB5343-7EE9-4750-83F0-8A783437948F}.Release|iPhoneSimulator.ActiveCfg = Release|Any CPU
		{46AB5343-7EE9-4750-83F0-8A783437948F}.Release|iPhoneSimulator.Build.0 = Release|Any CPU
		{46AB5343-7EE9-4750-83F0-8A783437948F}.Release|iPhoneSimulator.Deploy.0 = Release|Any CPU
		{401795B6-F166-47E7-B274-DF1013B8CDDF}.Ad-Hoc|Any CPU.ActiveCfg = Ad-Hoc|iPhoneSimulator
		{401795B6-F166-47E7-B274-DF1013B8CDDF}.Ad-Hoc|iPhone.ActiveCfg = Ad-Hoc|iPhone
		{401795B6-F166-47E7-B274-DF1013B8CDDF}.Ad-Hoc|iPhone.Build.0 = Ad-Hoc|iPhone
		{401795B6-F166-47E7-B274-DF1013B8CDDF}.Ad-Hoc|iPhoneSimulator.ActiveCfg = Ad-Hoc|iPhoneSimulator
		{401795B6-F166-47E7-B274-DF1013B8CDDF}.Ad-Hoc|iPhoneSimulator.Build.0 = Ad-Hoc|iPhoneSimulator
		{401795B6-F166-47E7-B274-DF1013B8CDDF}.AppStore|Any CPU.ActiveCfg = AppStore|iPhoneSimulator
		{401795B6-F166-47E7-B274-DF1013B8CDDF}.AppStore|iPhone.ActiveCfg = AppStore|iPhone
		{401795B6-F166-47E7-B274-DF1013B8CDDF}.AppStore|iPhone.Build.0 = AppStore|iPhone
		{401795B6-F166-47E7-B274-DF1013B8CDDF}.AppStore|iPhoneSimulator.ActiveCfg = AppStore|iPhoneSimulator
		{401795B6-F166-47E7-B274-DF1013B8CDDF}.AppStore|iPhoneSimulator.Build.0 = AppStore|iPhoneSimulator
		{401795B6-F166-47E7-B274-DF1013B8CDDF}.Debug|Any CPU.ActiveCfg = Debug|iPhoneSimulator
		{401795B6-F166-47E7-B274-DF1013B8CDDF}.Debug|iPhone.ActiveCfg = Debug|iPhone
		{401795B6-F166-47E7-B274-DF1013B8CDDF}.Debug|iPhone.Build.0 = Debug|iPhone
		{401795B6-F166-47E7-B274-DF1013B8CDDF}.Debug|iPhone.Deploy.0 = Debug|iPhone
		{401795B6-F166-47E7-B274-DF1013B8CDDF}.Debug|iPhoneSimulator.ActiveCfg = Debug|iPhoneSimulator
		{401795B6-F166-47E7-B274-DF1013B8CDDF}.Debug|iPhoneSimulator.Build.0 = Debug|iPhoneSimulator
		{401795B6-F166-47E7-B274-DF1013B8CDDF}.Release|Any CPU.ActiveCfg = Release|iPhoneSimulator
		{401795B6-F166-47E7-B274-DF1013B8CDDF}.Release|iPhone.ActiveCfg = Release|iPhone
		{401795B6-F166-47E7-B274-DF1013B8CDDF}.Release|iPhone.Build.0 = Release|iPhone
		{401795B6-F166-47E7-B274-DF1013B8CDDF}.Release|iPhoneSimulator.ActiveCfg = Release|iPhoneSimulator
		{401795B6-F166-47E7-B274-DF1013B8CDDF}.Release|iPhoneSimulator.Build.0 = Release|iPhoneSimulator
	EndGlobalSection
	GlobalSection(SolutionProperties) = preSolution
		HideSolutionNode = FALSE
	EndGlobalSection
	GlobalSection(ExtensibilityGlobals) = postSolution
		SolutionGuid = {13E9DDD0-9377-4F54-AE01-1A03EDC54066}
	EndGlobalSection
EndGlobal
