
Microsoft Visual Studio Solution File, Format Version 12.00
# Visual Studio Version 16
VisualStudioVersion = 16.0.31105.61
MinimumVisualStudioVersion = 10.0.40219.1
Project("{9A19103F-16F7-4668-BE54-9A1E7A4F7556}") = "XFCognito", "XFCognito\XFCognito.csproj", "{6ECBB30D-561C-4D2E-AB64-A4E4442E7832}"
EndProject
Project("{FAE04EC0-301F-11D3-BF4B-00C04F79EFBC}") = "XFCognito.Android", "XFCognito.Android\XFCognito.Android.csproj", "{46AB5343-7EE9-4750-83F0-8A783437948F}"
EndProject
Project("{FAE04EC0-301F-11D3-BF4B-00C04F79EFBC}") = "XFCognito.iOS", "XFCognito.iOS\XFCognito.iOS.csproj", "{401795B6-F166-47E7-B274-DF1013B8CDDF}"
EndProject
Project("{FAE04EC0-301F-11D3-BF4B-00C04F79EFBC}") = "XFCognito.UWP", "XFCognito.UWP\XFCognito.UWP.csproj", "{7544C3D5-C334-4857-9932-B33D73C966F6}"
EndProject
Global
	GlobalSection(SolutionConfigurationPlatforms) = preSolution
		Ad-Hoc|Any CPU = Ad-Hoc|Any CPU
		Ad-Hoc|ARM = Ad-Hoc|ARM
		Ad-Hoc|ARM64 = Ad-Hoc|ARM64
		Ad-Hoc|iPhone = Ad-Hoc|iPhone
		Ad-Hoc|iPhoneSimulator = Ad-Hoc|iPhoneSimulator
		Ad-Hoc|x64 = Ad-Hoc|x64
		Ad-Hoc|x86 = Ad-Hoc|x86
		AppStore|Any CPU = AppStore|Any CPU
		AppStore|ARM = AppStore|ARM
		AppStore|ARM64 = AppStore|ARM64
		AppStore|iPhone = AppStore|iPhone
		AppStore|iPhoneSimulator = AppStore|iPhoneSimulator
		AppStore|x64 = AppStore|x64
		AppStore|x86 = AppStore|x86
		Debug|Any CPU = Debug|Any CPU
		Debug|ARM = Debug|ARM
		Debug|ARM64 = Debug|ARM64
		Debug|iPhone = Debug|iPhone
		Debug|iPhoneSimulator = Debug|iPhoneSimulator
		Debug|x64 = Debug|x64
		Debug|x86 = Debug|x86
		Release|Any CPU = Release|Any CPU
		Release|ARM = Release|ARM
		Release|ARM64 = Release|ARM64
		Release|iPhone = Release|iPhone
		Release|iPhoneSimulator = Release|iPhoneSimulator
		Release|x64 = Release|x64
		Release|x86 = Release|x86
	EndGlobalSection
	GlobalSection(ProjectConfigurationPlatforms) = postSolution
		{6ECBB30D-561C-4D2E-AB64-A4E4442E7832}.Ad-Hoc|Any CPU.ActiveCfg = Debug|Any CPU
		{6ECBB30D-561C-4D2E-AB64-A4E4442E7832}.Ad-Hoc|Any CPU.Build.0 = Debug|Any CPU
		{6ECBB30D-561C-4D2E-AB64-A4E4442E7832}.Ad-Hoc|ARM.ActiveCfg = Release|Any CPU
		{6ECBB30D-561C-4D2E-AB64-A4E4442E7832}.Ad-Hoc|ARM.Build.0 = Release|Any CPU
		{6ECBB30D-561C-4D2E-AB64-A4E4442E7832}.Ad-Hoc|ARM64.ActiveCfg = Release|Any CPU
		{6ECBB30D-561C-4D2E-AB64-A4E4442E7832}.Ad-Hoc|ARM64.Build.0 = Release|Any CPU
		{6ECBB30D-561C-4D2E-AB64-A4E4442E7832}.Ad-Hoc|iPhone.ActiveCfg = Debug|Any CPU
		{6ECBB30D-561C-4D2E-AB64-A4E4442E7832}.Ad-Hoc|iPhone.Build.0 = Debug|Any CPU
		{6ECBB30D-561C-4D2E-AB64-A4E4442E7832}.Ad-Hoc|iPhoneSimulator.ActiveCfg = Debug|Any CPU
		{6ECBB30D-561C-4D2E-AB64-A4E4442E7832}.Ad-Hoc|iPhoneSimulator.Build.0 = Debug|Any CPU
		{6ECBB30D-561C-4D2E-AB64-A4E4442E7832}.Ad-Hoc|x64.ActiveCfg = Release|Any CPU
		{6ECBB30D-561C-4D2E-AB64-A4E4442E7832}.Ad-Hoc|x64.Build.0 = Release|Any CPU
		{6ECBB30D-561C-4D2E-AB64-A4E4442E7832}.Ad-Hoc|x86.ActiveCfg = Release|Any CPU
		{6ECBB30D-561C-4D2E-AB64-A4E4442E7832}.Ad-Hoc|x86.Build.0 = Release|Any CPU
		{6ECBB30D-561C-4D2E-AB64-A4E4442E7832}.AppStore|Any CPU.ActiveCfg = Debug|Any CPU
		{6ECBB30D-561C-4D2E-AB64-A4E4442E7832}.AppStore|Any CPU.Build.0 = Debug|Any CPU
		{6ECBB30D-561C-4D2E-AB64-A4E4442E7832}.AppStore|ARM.ActiveCfg = Release|Any CPU
		{6ECBB30D-561C-4D2E-AB64-A4E4442E7832}.AppStore|ARM.Build.0 = Release|Any CPU
		{6ECBB30D-561C-4D2E-AB64-A4E4442E7832}.AppStore|ARM64.ActiveCfg = Release|Any CPU
		{6ECBB30D-561C-4D2E-AB64-A4E4442E7832}.AppStore|ARM64.Build.0 = Release|Any CPU
		{6ECBB30D-561C-4D2E-AB64-A4E4442E7832}.AppStore|iPhone.ActiveCfg = Debug|Any CPU
		{6ECBB30D-561C-4D2E-AB64-A4E4442E7832}.AppStore|iPhone.Build.0 = Debug|Any CPU
		{6ECBB30D-561C-4D2E-AB64-A4E4442E7832}.AppStore|iPhoneSimulator.ActiveCfg = Debug|Any CPU
		{6ECBB30D-561C-4D2E-AB64-A4E4442E7832}.AppStore|iPhoneSimulator.Build.0 = Debug|Any CPU
		{6ECBB30D-561C-4D2E-AB64-A4E4442E7832}.AppStore|x64.ActiveCfg = Release|Any CPU
		{6ECBB30D-561C-4D2E-AB64-A4E4442E7832}.AppStore|x64.Build.0 = Release|Any CPU
		{6ECBB30D-561C-4D2E-AB64-A4E4442E7832}.AppStore|x86.ActiveCfg = Release|Any CPU
		{6ECBB30D-561C-4D2E-AB64-A4E4442E7832}.AppStore|x86.Build.0 = Release|Any CPU
		{6ECBB30D-561C-4D2E-AB64-A4E4442E7832}.Debug|Any CPU.ActiveCfg = Debug|Any CPU
		{6ECBB30D-561C-4D2E-AB64-A4E4442E7832}.Debug|Any CPU.Build.0 = Debug|Any CPU
		{6ECBB30D-561C-4D2E-AB64-A4E4442E7832}.Debug|ARM.ActiveCfg = Debug|Any CPU
		{6ECBB30D-561C-4D2E-AB64-A4E4442E7832}.Debug|ARM.Build.0 = Debug|Any CPU
		{6ECBB30D-561C-4D2E-AB64-A4E4442E7832}.Debug|ARM64.ActiveCfg = Debug|Any CPU
		{6ECBB30D-561C-4D2E-AB64-A4E4442E7832}.Debug|ARM64.Build.0 = Debug|Any CPU
		{6ECBB30D-561C-4D2E-AB64-A4E4442E7832}.Debug|iPhone.ActiveCfg = Debug|Any CPU
		{6ECBB30D-561C-4D2E-AB64-A4E4442E7832}.Debug|iPhone.Build.0 = Debug|Any CPU
		{6ECBB30D-561C-4D2E-AB64-A4E4442E7832}.Debug|iPhoneSimulator.ActiveCfg = Debug|Any CPU
		{6ECBB30D-561C-4D2E-AB64-A4E4442E7832}.Debug|iPhoneSimulator.Build.0 = Debug|Any CPU
		{6ECBB30D-561C-4D2E-AB64-A4E4442E7832}.Debug|x64.ActiveCfg = Debug|Any CPU
		{6ECBB30D-561C-4D2E-AB64-A4E4442E7832}.Debug|x64.Build.0 = Debug|Any CPU
		{6ECBB30D-561C-4D2E-AB64-A4E4442E7832}.Debug|x86.ActiveCfg = Debug|Any CPU
		{6ECBB30D-561C-4D2E-AB64-A4E4442E7832}.Debug|x86.Build.0 = Debug|Any CPU
		{6ECBB30D-561C-4D2E-AB64-A4E4442E7832}.Release|Any CPU.ActiveCfg = Release|Any CPU
		{6ECBB30D-561C-4D2E-AB64-A4E4442E7832}.Release|Any CPU.Build.0 = Release|Any CPU
		{6ECBB30D-561C-4D2E-AB64-A4E4442E7832}.Release|ARM.ActiveCfg = Release|Any CPU
		{6ECBB30D-561C-4D2E-AB64-A4E4442E7832}.Release|ARM.Build.0 = Release|Any CPU
		{6ECBB30D-561C-4D2E-AB64-A4E4442E7832}.Release|ARM64.ActiveCfg = Release|Any CPU
		{6ECBB30D-561C-4D2E-AB64-A4E4442E7832}.Release|ARM64.Build.0 = Release|Any CPU
		{6ECBB30D-561C-4D2E-AB64-A4E4442E7832}.Release|iPhone.ActiveCfg = Release|Any CPU
		{6ECBB30D-561C-4D2E-AB64-A4E4442E7832}.Release|iPhone.Build.0 = Release|Any CPU
		{6ECBB30D-561C-4D2E-AB64-A4E4442E7832}.Release|iPhoneSimulator.ActiveCfg = Release|Any CPU
		{6ECBB30D-561C-4D2E-AB64-A4E4442E7832}.Release|iPhoneSimulator.Build.0 = Release|Any CPU
		{6ECBB30D-561C-4D2E-AB64-A4E4442E7832}.Release|x64.ActiveCfg = Release|Any CPU
		{6ECBB30D-561C-4D2E-AB64-A4E4442E7832}.Release|x64.Build.0 = Release|Any CPU
		{6ECBB30D-561C-4D2E-AB64-A4E4442E7832}.Release|x86.ActiveCfg = Release|Any CPU
		{6ECBB30D-561C-4D2E-AB64-A4E4442E7832}.Release|x86.Build.0 = Release|Any CPU
		{46AB5343-7EE9-4750-83F0-8A783437948F}.Ad-Hoc|Any CPU.ActiveCfg = Debug|Any CPU
		{46AB5343-7EE9-4750-83F0-8A783437948F}.Ad-Hoc|Any CPU.Build.0 = Debug|Any CPU
		{46AB5343-7EE9-4750-83F0-8A783437948F}.Ad-Hoc|Any CPU.Deploy.0 = Debug|Any CPU
		{46AB5343-7EE9-4750-83F0-8A783437948F}.Ad-Hoc|ARM.ActiveCfg = Release|Any CPU
		{46AB5343-7EE9-4750-83F0-8A783437948F}.Ad-Hoc|ARM.Build.0 = Release|Any CPU
		{46AB5343-7EE9-4750-83F0-8A783437948F}.Ad-Hoc|ARM.Deploy.0 = Release|Any CPU
		{46AB5343-7EE9-4750-83F0-8A783437948F}.Ad-Hoc|ARM64.ActiveCfg = Release|Any CPU
		{46AB5343-7EE9-4750-83F0-8A783437948F}.Ad-Hoc|ARM64.Build.0 = Release|Any CPU
		{46AB5343-7EE9-4750-83F0-8A783437948F}.Ad-Hoc|ARM64.Deploy.0 = Release|Any CPU
		{46AB5343-7EE9-4750-83F0-8A783437948F}.Ad-Hoc|iPhone.ActiveCfg = Debug|Any CPU
		{46AB5343-7EE9-4750-83F0-8A783437948F}.Ad-Hoc|iPhone.Build.0 = Debug|Any CPU
		{46AB5343-7EE9-4750-83F0-8A783437948F}.Ad-Hoc|iPhone.Deploy.0 = Debug|Any CPU
		{46AB5343-7EE9-4750-83F0-8A783437948F}.Ad-Hoc|iPhoneSimulator.ActiveCfg = Debug|Any CPU
		{46AB5343-7EE9-4750-83F0-8A783437948F}.Ad-Hoc|iPhoneSimulator.Build.0 = Debug|Any CPU
		{46AB5343-7EE9-4750-83F0-8A783437948F}.Ad-Hoc|iPhoneSimulator.Deploy.0 = Debug|Any CPU
		{46AB5343-7EE9-4750-83F0-8A783437948F}.Ad-Hoc|x64.ActiveCfg = Release|Any CPU
		{46AB5343-7EE9-4750-83F0-8A783437948F}.Ad-Hoc|x64.Build.0 = Release|Any CPU
		{46AB5343-7EE9-4750-83F0-8A783437948F}.Ad-Hoc|x64.Deploy.0 = Release|Any CPU
		{46AB5343-7EE9-4750-83F0-8A783437948F}.Ad-Hoc|x86.ActiveCfg = Release|Any CPU
		{46AB5343-7EE9-4750-83F0-8A783437948F}.Ad-Hoc|x86.Build.0 = Release|Any CPU
		{46AB5343-7EE9-4750-83F0-8A783437948F}.Ad-Hoc|x86.Deploy.0 = Release|Any CPU
		{46AB5343-7EE9-4750-83F0-8A783437948F}.AppStore|Any CPU.ActiveCfg = Debug|Any CPU
		{46AB5343-7EE9-4750-83F0-8A783437948F}.AppStore|Any CPU.Build.0 = Debug|Any CPU
		{46AB5343-7EE9-4750-83F0-8A783437948F}.AppStore|Any CPU.Deploy.0 = Debug|Any CPU
		{46AB5343-7EE9-4750-83F0-8A783437948F}.AppStore|ARM.ActiveCfg = Release|Any CPU
		{46AB5343-7EE9-4750-83F0-8A783437948F}.AppStore|ARM.Build.0 = Release|Any CPU
		{46AB5343-7EE9-4750-83F0-8A783437948F}.AppStore|ARM.Deploy.0 = Release|Any CPU
		{46AB5343-7EE9-4750-83F0-8A783437948F}.AppStore|ARM64.ActiveCfg = Release|Any CPU
		{46AB5343-7EE9-4750-83F0-8A783437948F}.AppStore|ARM64.Build.0 = Release|Any CPU
		{46AB5343-7EE9-4750-83F0-8A783437948F}.AppStore|ARM64.Deploy.0 = Release|Any CPU
		{46AB5343-7EE9-4750-83F0-8A783437948F}.AppStore|iPhone.ActiveCfg = Debug|Any CPU
		{46AB5343-7EE9-4750-83F0-8A783437948F}.AppStore|iPhone.Build.0 = Debug|Any CPU
		{46AB5343-7EE9-4750-83F0-8A783437948F}.AppStore|iPhone.Deploy.0 = Debug|Any CPU
		{46AB5343-7EE9-4750-83F0-8A783437948F}.AppStore|iPhoneSimulator.ActiveCfg = Debug|Any CPU
		{46AB5343-7EE9-4750-83F0-8A783437948F}.AppStore|iPhoneSimulator.Build.0 = Debug|Any CPU
		{46AB5343-7EE9-4750-83F0-8A783437948F}.AppStore|iPhoneSimulator.Deploy.0 = Debug|Any CPU
		{46AB5343-7EE9-4750-83F0-8A783437948F}.AppStore|x64.ActiveCfg = Release|Any CPU
		{46AB5343-7EE9-4750-83F0-8A783437948F}.AppStore|x64.Build.0 = Release|Any CPU
		{46AB5343-7EE9-4750-83F0-8A783437948F}.AppStore|x64.Deploy.0 = Release|Any CPU
		{46AB5343-7EE9-4750-83F0-8A783437948F}.AppStore|x86.ActiveCfg = Release|Any CPU
		{46AB5343-7EE9-4750-83F0-8A783437948F}.AppStore|x86.Build.0 = Release|Any CPU
		{46AB5343-7EE9-4750-83F0-8A783437948F}.AppStore|x86.Deploy.0 = Release|Any CPU
		{46AB5343-7EE9-4750-83F0-8A783437948F}.Debug|Any CPU.ActiveCfg = Debug|Any CPU
		{46AB5343-7EE9-4750-83F0-8A783437948F}.Debug|Any CPU.Build.0 = Debug|Any CPU
		{46AB5343-7EE9-4750-83F0-8A783437948F}.Debug|Any CPU.Deploy.0 = Debug|Any CPU
		{46AB5343-7EE9-4750-83F0-8A783437948F}.Debug|ARM.ActiveCfg = Debug|Any CPU
		{46AB5343-7EE9-4750-83F0-8A783437948F}.Debug|ARM.Build.0 = Debug|Any CPU
		{46AB5343-7EE9-4750-83F0-8A783437948F}.Debug|ARM.Deploy.0 = Debug|Any CPU
		{46AB5343-7EE9-4750-83F0-8A783437948F}.Debug|ARM64.ActiveCfg = Debug|Any CPU
		{46AB5343-7EE9-4750-83F0-8A783437948F}.Debug|ARM64.Build.0 = Debug|Any CPU
		{46AB5343-7EE9-4750-83F0-8A783437948F}.Debug|ARM64.Deploy.0 = Debug|Any CPU
		{46AB5343-7EE9-4750-83F0-8A783437948F}.Debug|iPhone.ActiveCfg = Debug|Any CPU
		{46AB5343-7EE9-4750-83F0-8A783437948F}.Debug|iPhone.Build.0 = Debug|Any CPU
		{46AB5343-7EE9-4750-83F0-8A783437948F}.Debug|iPhone.Deploy.0 = Debug|Any CPU
		{46AB5343-7EE9-4750-83F0-8A783437948F}.Debug|iPhoneSimulator.ActiveCfg = Debug|Any CPU
		{46AB5343-7EE9-4750-83F0-8A783437948F}.Debug|iPhoneSimulator.Build.0 = Debug|Any CPU
		{46AB5343-7EE9-4750-83F0-8A783437948F}.Debug|iPhoneSimulator.Deploy.0 = Debug|Any CPU
		{46AB5343-7EE9-4750-83F0-8A783437948F}.Debug|x64.ActiveCfg = Debug|Any CPU
		{46AB5343-7EE9-4750-83F0-8A783437948F}.Debug|x64.Build.0 = Debug|Any CPU
		{46AB5343-7EE9-4750-83F0-8A783437948F}.Debug|x64.Deploy.0 = Debug|Any CPU
		{46AB5343-7EE9-4750-83F0-8A783437948F}.Debug|x86.ActiveCfg = Debug|Any CPU
		{46AB5343-7EE9-4750-83F0-8A783437948F}.Debug|x86.Build.0 = Debug|Any CPU
		{46AB5343-7EE9-4750-83F0-8A783437948F}.Debug|x86.Deploy.0 = Debug|Any CPU
		{46AB5343-7EE9-4750-83F0-8A783437948F}.Release|Any CPU.ActiveCfg = Release|Any CPU
		{46AB5343-7EE9-4750-83F0-8A783437948F}.Release|Any CPU.Build.0 = Release|Any CPU
		{46AB5343-7EE9-4750-83F0-8A783437948F}.Release|Any CPU.Deploy.0 = Release|Any CPU
		{46AB5343-7EE9-4750-83F0-8A783437948F}.Release|ARM.ActiveCfg = Release|Any CPU
		{46AB5343-7EE9-4750-83F0-8A783437948F}.Release|ARM.Build.0 = Release|Any CPU
		{46AB5343-7EE9-4750-83F0-8A783437948F}.Release|ARM.Deploy.0 = Release|Any CPU
		{46AB5343-7EE9-4750-83F0-8A783437948F}.Release|ARM64.ActiveCfg = Release|Any CPU
		{46AB5343-7EE9-4750-83F0-8A783437948F}.Release|ARM64.Build.0 = Release|Any CPU
		{46AB5343-7EE9-4750-83F0-8A783437948F}.Release|ARM64.Deploy.0 = Release|Any CPU
		{46AB5343-7EE9-4750-83F0-8A783437948F}.Release|iPhone.ActiveCfg = Release|Any CPU
		{46AB5343-7EE9-4750-83F0-8A783437948F}.Release|iPhone.Build.0 = Release|Any CPU
		{46AB5343-7EE9-4750-83F0-8A783437948F}.Release|iPhone.Deploy.0 = Release|Any CPU
		{46AB5343-7EE9-4750-83F0-8A783437948F}.Release|iPhoneSimulator.ActiveCfg = Release|Any CPU
		{46AB5343-7EE9-4750-83F0-8A783437948F}.Release|iPhoneSimulator.Build.0 = Release|Any CPU
		{46AB5343-7EE9-4750-83F0-8A783437948F}.Release|iPhoneSimulator.Deploy.0 = Release|Any CPU
		{46AB5343-7EE9-4750-83F0-8A783437948F}.Release|x64.ActiveCfg = Release|Any CPU
		{46AB5343-7EE9-4750-83F0-8A783437948F}.Release|x64.Build.0 = Release|Any CPU
		{46AB5343-7EE9-4750-83F0-8A783437948F}.Release|x64.Deploy.0 = Release|Any CPU
		{46AB5343-7EE9-4750-83F0-8A783437948F}.Release|x86.ActiveCfg = Release|Any CPU
		{46AB5343-7EE9-4750-83F0-8A783437948F}.Release|x86.Build.0 = Release|Any CPU
		{46AB5343-7EE9-4750-83F0-8A783437948F}.Release|x86.Deploy.0 = Release|Any CPU
		{401795B6-F166-47E7-B274-DF1013B8CDDF}.Ad-Hoc|Any CPU.ActiveCfg = Ad-Hoc|iPhoneSimulator
		{401795B6-F166-47E7-B274-DF1013B8CDDF}.Ad-Hoc|ARM.ActiveCfg = Ad-Hoc|iPhone
		{401795B6-F166-47E7-B274-DF1013B8CDDF}.Ad-Hoc|ARM64.ActiveCfg = Ad-Hoc|iPhone
		{401795B6-F166-47E7-B274-DF1013B8CDDF}.Ad-Hoc|iPhone.ActiveCfg = Ad-Hoc|iPhone
		{401795B6-F166-47E7-B274-DF1013B8CDDF}.Ad-Hoc|iPhone.Build.0 = Ad-Hoc|iPhone
		{401795B6-F166-47E7-B274-DF1013B8CDDF}.Ad-Hoc|iPhoneSimulator.ActiveCfg = Ad-Hoc|iPhoneSimulator
		{401795B6-F166-47E7-B274-DF1013B8CDDF}.Ad-Hoc|iPhoneSimulator.Build.0 = Ad-Hoc|iPhoneSimulator
		{401795B6-F166-47E7-B274-DF1013B8CDDF}.Ad-Hoc|x64.ActiveCfg = Ad-Hoc|iPhone
		{401795B6-F166-47E7-B274-DF1013B8CDDF}.Ad-Hoc|x86.ActiveCfg = Ad-Hoc|iPhone
		{401795B6-F166-47E7-B274-DF1013B8CDDF}.AppStore|Any CPU.ActiveCfg = AppStore|iPhoneSimulator
		{401795B6-F166-47E7-B274-DF1013B8CDDF}.AppStore|ARM.ActiveCfg = AppStore|iPhone
		{401795B6-F166-47E7-B274-DF1013B8CDDF}.AppStore|ARM64.ActiveCfg = AppStore|iPhone
		{401795B6-F166-47E7-B274-DF1013B8CDDF}.AppStore|iPhone.ActiveCfg = AppStore|iPhone
		{401795B6-F166-47E7-B274-DF1013B8CDDF}.AppStore|iPhone.Build.0 = AppStore|iPhone
		{401795B6-F166-47E7-B274-DF1013B8CDDF}.AppStore|iPhoneSimulator.ActiveCfg = AppStore|iPhoneSimulator
		{401795B6-F166-47E7-B274-DF1013B8CDDF}.AppStore|iPhoneSimulator.Build.0 = AppStore|iPhoneSimulator
		{401795B6-F166-47E7-B274-DF1013B8CDDF}.AppStore|x64.ActiveCfg = AppStore|iPhone
		{401795B6-F166-47E7-B274-DF1013B8CDDF}.AppStore|x86.ActiveCfg = AppStore|iPhone
		{401795B6-F166-47E7-B274-DF1013B8CDDF}.Debug|Any CPU.ActiveCfg = Debug|iPhoneSimulator
		{401795B6-F166-47E7-B274-DF1013B8CDDF}.Debug|ARM.ActiveCfg = Debug|iPhone
		{401795B6-F166-47E7-B274-DF1013B8CDDF}.Debug|ARM64.ActiveCfg = Debug|iPhone
		{401795B6-F166-47E7-B274-DF1013B8CDDF}.Debug|iPhone.ActiveCfg = Debug|iPhone
		{401795B6-F166-47E7-B274-DF1013B8CDDF}.Debug|iPhone.Build.0 = Debug|iPhone
		{401795B6-F166-47E7-B274-DF1013B8CDDF}.Debug|iPhone.Deploy.0 = Debug|iPhone
		{401795B6-F166-47E7-B274-DF1013B8CDDF}.Debug|iPhoneSimulator.ActiveCfg = Debug|iPhoneSimulator
		{401795B6-F166-47E7-B274-DF1013B8CDDF}.Debug|iPhoneSimulator.Build.0 = Debug|iPhoneSimulator
		{401795B6-F166-47E7-B274-DF1013B8CDDF}.Debug|x64.ActiveCfg = Debug|iPhone
		{401795B6-F166-47E7-B274-DF1013B8CDDF}.Debug|x86.ActiveCfg = Debug|iPhone
		{401795B6-F166-47E7-B274-DF1013B8CDDF}.Release|Any CPU.ActiveCfg = Release|iPhoneSimulator
		{401795B6-F166-47E7-B274-DF1013B8CDDF}.Release|ARM.ActiveCfg = Release|iPhone
		{401795B6-F166-47E7-B274-DF1013B8CDDF}.Release|ARM64.ActiveCfg = Release|iPhone
		{401795B6-F166-47E7-B274-DF1013B8CDDF}.Release|iPhone.ActiveCfg = Release|iPhone
		{401795B6-F166-47E7-B274-DF1013B8CDDF}.Release|iPhone.Build.0 = Release|iPhone
		{401795B6-F166-47E7-B274-DF1013B8CDDF}.Release|iPhoneSimulator.ActiveCfg = Release|iPhoneSimulator
		{401795B6-F166-47E7-B274-DF1013B8CDDF}.Release|iPhoneSimulator.Build.0 = Release|iPhoneSimulator
		{401795B6-F166-47E7-B274-DF1013B8CDDF}.Release|x64.ActiveCfg = Release|iPhone
		{401795B6-F166-47E7-B274-DF1013B8CDDF}.Release|x86.ActiveCfg = Release|iPhone
		{7544C3D5-C334-4857-9932-B33D73C966F6}.Ad-Hoc|Any CPU.ActiveCfg = Debug|x86
		{7544C3D5-C334-4857-9932-B33D73C966F6}.Ad-Hoc|Any CPU.Build.0 = Debug|x86
		{7544C3D5-C334-4857-9932-B33D73C966F6}.Ad-Hoc|Any CPU.Deploy.0 = Debug|x86
		{7544C3D5-C334-4857-9932-B33D73C966F6}.Ad-Hoc|ARM.ActiveCfg = Debug|ARM
		{7544C3D5-C334-4857-9932-B33D73C966F6}.Ad-Hoc|ARM.Build.0 = Debug|ARM
		{7544C3D5-C334-4857-9932-B33D73C966F6}.Ad-Hoc|ARM.Deploy.0 = Debug|ARM
		{7544C3D5-C334-4857-9932-B33D73C966F6}.Ad-Hoc|ARM64.ActiveCfg = Debug|ARM64
		{7544C3D5-C334-4857-9932-B33D73C966F6}.Ad-Hoc|ARM64.Build.0 = Debug|ARM64
		{7544C3D5-C334-4857-9932-B33D73C966F6}.Ad-Hoc|ARM64.Deploy.0 = Debug|ARM64
		{7544C3D5-C334-4857-9932-B33D73C966F6}.Ad-Hoc|iPhone.ActiveCfg = Debug|x86
		{7544C3D5-C334-4857-9932-B33D73C966F6}.Ad-Hoc|iPhone.Build.0 = Debug|x86
		{7544C3D5-C334-4857-9932-B33D73C966F6}.Ad-Hoc|iPhone.Deploy.0 = Debug|x86
		{7544C3D5-C334-4857-9932-B33D73C966F6}.Ad-Hoc|iPhoneSimulator.ActiveCfg = Debug|x86
		{7544C3D5-C334-4857-9932-B33D73C966F6}.Ad-Hoc|iPhoneSimulator.Build.0 = Debug|x86
		{7544C3D5-C334-4857-9932-B33D73C966F6}.Ad-Hoc|iPhoneSimulator.Deploy.0 = Debug|x86
		{7544C3D5-C334-4857-9932-B33D73C966F6}.Ad-Hoc|x64.ActiveCfg = Debug|x64
		{7544C3D5-C334-4857-9932-B33D73C966F6}.Ad-Hoc|x64.Build.0 = Debug|x64
		{7544C3D5-C334-4857-9932-B33D73C966F6}.Ad-Hoc|x64.Deploy.0 = Debug|x64
		{7544C3D5-C334-4857-9932-B33D73C966F6}.Ad-Hoc|x86.ActiveCfg = Debug|x86
		{7544C3D5-C334-4857-9932-B33D73C966F6}.Ad-Hoc|x86.Build.0 = Debug|x86
		{7544C3D5-C334-4857-9932-B33D73C966F6}.Ad-Hoc|x86.Deploy.0 = Debug|x86
		{7544C3D5-C334-4857-9932-B33D73C966F6}.AppStore|Any CPU.ActiveCfg = Debug|x86
		{7544C3D5-C334-4857-9932-B33D73C966F6}.AppStore|Any CPU.Build.0 = Debug|x86
		{7544C3D5-C334-4857-9932-B33D73C966F6}.AppStore|Any CPU.Deploy.0 = Debug|x86
		{7544C3D5-C334-4857-9932-B33D73C966F6}.AppStore|ARM.ActiveCfg = Debug|ARM
		{7544C3D5-C334-4857-9932-B33D73C966F6}.AppStore|ARM.Build.0 = Debug|ARM
		{7544C3D5-C334-4857-9932-B33D73C966F6}.AppStore|ARM.Deploy.0 = Debug|ARM
		{7544C3D5-C334-4857-9932-B33D73C966F6}.AppStore|ARM64.ActiveCfg = Debug|ARM64
		{7544C3D5-C334-4857-9932-B33D73C966F6}.AppStore|ARM64.Build.0 = Debug|ARM64
		{7544C3D5-C334-4857-9932-B33D73C966F6}.AppStore|ARM64.Deploy.0 = Debug|ARM64
		{7544C3D5-C334-4857-9932-B33D73C966F6}.AppStore|iPhone.ActiveCfg = Debug|x86
		{7544C3D5-C334-4857-9932-B33D73C966F6}.AppStore|iPhone.Build.0 = Debug|x86
		{7544C3D5-C334-4857-9932-B33D73C966F6}.AppStore|iPhone.Deploy.0 = Debug|x86
		{7544C3D5-C334-4857-9932-B33D73C966F6}.AppStore|iPhoneSimulator.ActiveCfg = Debug|x86
		{7544C3D5-C334-4857-9932-B33D73C966F6}.AppStore|iPhoneSimulator.Build.0 = Debug|x86
		{7544C3D5-C334-4857-9932-B33D73C966F6}.AppStore|iPhoneSimulator.Deploy.0 = Debug|x86
		{7544C3D5-C334-4857-9932-B33D73C966F6}.AppStore|x64.ActiveCfg = Debug|x64
		{7544C3D5-C334-4857-9932-B33D73C966F6}.AppStore|x64.Build.0 = Debug|x64
		{7544C3D5-C334-4857-9932-B33D73C966F6}.AppStore|x64.Deploy.0 = Debug|x64
		{7544C3D5-C334-4857-9932-B33D73C966F6}.AppStore|x86.ActiveCfg = Debug|x86
		{7544C3D5-C334-4857-9932-B33D73C966F6}.AppStore|x86.Build.0 = Debug|x86
		{7544C3D5-C334-4857-9932-B33D73C966F6}.AppStore|x86.Deploy.0 = Debug|x86
		{7544C3D5-C334-4857-9932-B33D73C966F6}.Debug|Any CPU.ActiveCfg = Debug|x86
		{7544C3D5-C334-4857-9932-B33D73C966F6}.Debug|ARM.ActiveCfg = Debug|ARM
		{7544C3D5-C334-4857-9932-B33D73C966F6}.Debug|ARM.Build.0 = Debug|ARM
		{7544C3D5-C334-4857-9932-B33D73C966F6}.Debug|ARM.Deploy.0 = Debug|ARM
		{7544C3D5-C334-4857-9932-B33D73C966F6}.Debug|ARM64.ActiveCfg = Debug|ARM64
		{7544C3D5-C334-4857-9932-B33D73C966F6}.Debug|ARM64.Build.0 = Debug|ARM64
		{7544C3D5-C334-4857-9932-B33D73C966F6}.Debug|ARM64.Deploy.0 = Debug|ARM64
		{7544C3D5-C334-4857-9932-B33D73C966F6}.Debug|iPhone.ActiveCfg = Debug|x86
		{7544C3D5-C334-4857-9932-B33D73C966F6}.Debug|iPhoneSimulator.ActiveCfg = Debug|x86
		{7544C3D5-C334-4857-9932-B33D73C966F6}.Debug|x64.ActiveCfg = Debug|x64
		{7544C3D5-C334-4857-9932-B33D73C966F6}.Debug|x64.Build.0 = Debug|x64
		{7544C3D5-C334-4857-9932-B33D73C966F6}.Debug|x64.Deploy.0 = Debug|x64
		{7544C3D5-C334-4857-9932-B33D73C966F6}.Debug|x86.ActiveCfg = Debug|x86
		{7544C3D5-C334-4857-9932-B33D73C966F6}.Debug|x86.Build.0 = Debug|x86
		{7544C3D5-C334-4857-9932-B33D73C966F6}.Debug|x86.Deploy.0 = Debug|x86
		{7544C3D5-C334-4857-9932-B33D73C966F6}.Release|Any CPU.ActiveCfg = Release|x86
		{7544C3D5-C334-4857-9932-B33D73C966F6}.Release|ARM.ActiveCfg = Release|ARM
		{7544C3D5-C334-4857-9932-B33D73C966F6}.Release|ARM.Build.0 = Release|ARM
		{7544C3D5-C334-4857-9932-B33D73C966F6}.Release|ARM.Deploy.0 = Release|ARM
		{7544C3D5-C334-4857-9932-B33D73C966F6}.Release|ARM64.ActiveCfg = Release|ARM64
		{7544C3D5-C334-4857-9932-B33D73C966F6}.Release|ARM64.Build.0 = Release|ARM64
		{7544C3D5-C334-4857-9932-B33D73C966F6}.Release|ARM64.Deploy.0 = Release|ARM64
		{7544C3D5-C334-4857-9932-B33D73C966F6}.Release|iPhone.ActiveCfg = Release|x86
		{7544C3D5-C334-4857-9932-B33D73C966F6}.Release|iPhoneSimulator.ActiveCfg = Release|x86
		{7544C3D5-C334-4857-9932-B33D73C966F6}.Release|x64.ActiveCfg = Release|x64
		{7544C3D5-C334-4857-9932-B33D73C966F6}.Release|x64.Build.0 = Release|x64
		{7544C3D5-C334-4857-9932-B33D73C966F6}.Release|x64.Deploy.0 = Release|x64
		{7544C3D5-C334-4857-9932-B33D73C966F6}.Release|x86.ActiveCfg = Release|x86
		{7544C3D5-C334-4857-9932-B33D73C966F6}.Release|x86.Build.0 = Release|x86
		{7544C3D5-C334-4857-9932-B33D73C966F6}.Release|x86.Deploy.0 = Release|x86
	EndGlobalSection
	GlobalSection(SolutionProperties) = preSolution
		HideSolutionNode = FALSE
	EndGlobalSection
	GlobalSection(ExtensibilityGlobals) = postSolution
		SolutionGuid = {13E9DDD0-9377-4F54-AE01-1A03EDC54066}
	EndGlobalSection
EndGlobal
